// !$*UTF8*$!
{
	archiveVersion = 1;
	classes = {
	};
	objectVersion = 48;
	objects = {

/* Begin PBXBuildFile section */
		EF7BA35720ABDE9700835550 /* AboutViewController.swift in Sources */ = {isa = PBXBuildFile; fileRef = EF7BA35620ABDE9700835550 /* AboutViewController.swift */; };
		EF7BA35920ABEE9D00835550 /* BullsEye.html in Resources */ = {isa = PBXBuildFile; fileRef = EF7BA35820ABEE9D00835550 /* BullsEye.html */; };
		EFA88698209D15280009B5F9 /* AppDelegate.swift in Sources */ = {isa = PBXBuildFile; fileRef = EFA88697209D15280009B5F9 /* AppDelegate.swift */; };
		EFA8869A209D15280009B5F9 /* ViewController.swift in Sources */ = {isa = PBXBuildFile; fileRef = EFA88699209D15280009B5F9 /* ViewController.swift */; };
		EFA8869D209D15280009B5F9 /* Main.storyboard in Resources */ = {isa = PBXBuildFile; fileRef = EFA8869B209D15280009B5F9 /* Main.storyboard */; };
		EFA8869F209D15280009B5F9 /* Assets.xcassets in Resources */ = {isa = PBXBuildFile; fileRef = EFA8869E209D15280009B5F9 /* Assets.xcassets */; };
		EFA886A2209D15280009B5F9 /* LaunchScreen.storyboard in Resources */ = {isa = PBXBuildFile; fileRef = EFA886A0209D15280009B5F9 /* LaunchScreen.storyboard */; };
/* End PBXBuildFile section */

/* Begin PBXFileReference section */
		EF7BA35620ABDE9700835550 /* AboutViewController.swift */ = {isa = PBXFileReference; lastKnownFileType = sourcecode.swift; path = AboutViewController.swift; sourceTree = "<group>"; };
		EF7BA35820ABEE9D00835550 /* BullsEye.html */ = {isa = PBXFileReference; fileEncoding = 4; lastKnownFileType = text.html; path = BullsEye.html; sourceTree = "<group>"; };
		EFA88694209D15280009B5F9 /* BullsEyeExercise.app */ = {isa = PBXFileReference; explicitFileType = wrapper.application; includeInIndex = 0; path = BullsEyeExercise.app; sourceTree = BUILT_PRODUCTS_DIR; };
		EFA88697209D15280009B5F9 /* AppDelegate.swift */ = {isa = PBXFileReference; lastKnownFileType = sourcecode.swift; path = AppDelegate.swift; sourceTree = "<group>"; };
		EFA88699209D15280009B5F9 /* ViewController.swift */ = {isa = PBXFileReference; lastKnownFileType = sourcecode.swift; path = ViewController.swift; sourceTree = "<group>"; };
		EFA8869C209D15280009B5F9 /* Base */ = {isa = PBXFileReference; lastKnownFileType = file.storyboard; name = Base; path = Base.lproj/Main.storyboard; sourceTree = "<group>"; };
		EFA8869E209D15280009B5F9 /* Assets.xcassets */ = {isa = PBXFileReference; lastKnownFileType = folder.assetcatalog; path = Assets.xcassets; sourceTree = "<group>"; };
		EFA886A1209D15280009B5F9 /* Base */ = {isa = PBXFileReference; lastKnownFileType = file.storyboard; name = Base; path = Base.lproj/LaunchScreen.storyboard; sourceTree = "<group>"; };
		EFA886A3209D15280009B5F9 /* Info.plist */ = {isa = PBXFileReference; lastKnownFileType = text.plist.xml; path = Info.plist; sourceTree = "<group>"; };
/* End PBXFileReference section */

/* Begin PBXFrameworksBuildPhase section */
		EFA88691209D15280009B5F9 /* Frameworks */ = {
			isa = PBXFrameworksBuildPhase;
			buildActionMask = 2147483647;
			files = (
			);
			runOnlyForDeploymentPostprocessing = 0;
		};
/* End PBXFrameworksBuildPhase section */

/* Begin PBXGroup section */
		EFA8868B209D15280009B5F9 = {
			isa = PBXGroup;
			children = (
				EFA88696209D15280009B5F9 /* BullsEyeExercise */,
				EFA88695209D15280009B5F9 /* Products */,
			);
			sourceTree = "<group>";
		};
		EFA88695209D15280009B5F9 /* Products */ = {
			isa = PBXGroup;
			children = (
				EFA88694209D15280009B5F9 /* BullsEyeExercise.app */,
			);
			name = Products;
			sourceTree = "<group>";
		};
		EFA88696209D15280009B5F9 /* BullsEyeExercise */ = {
			isa = PBXGroup;
			children = (
				EF7BA35820ABEE9D00835550 /* BullsEye.html */,
				EFA88697209D15280009B5F9 /* AppDelegate.swift */,
				EFA88699209D15280009B5F9 /* ViewController.swift */,
				EF7BA35620ABDE9700835550 /* AboutViewController.swift */,
				EFA8869B209D15280009B5F9 /* Main.storyboard */,
				EFA8869E209D15280009B5F9 /* Assets.xcassets */,
				EFA886A0209D15280009B5F9 /* LaunchScreen.storyboard */,
				EFA886A3209D15280009B5F9 /* Info.plist */,
			);
			path = BullsEyeExercise;
			sourceTree = "<group>";
		};
/* End PBXGroup section */

/* Begin PBXNativeTarget section */
		EFA88693209D15280009B5F9 /* BullsEyeExercise */ = {
			isa = PBXNativeTarget;
			buildConfigurationList = EFA886A6209D15280009B5F9 /* Build configuration list for PBXNativeTarget "BullsEyeExercise" */;
			buildPhases = (
				EFA88690209D15280009B5F9 /* Sources */,
				EFA88691209D15280009B5F9 /* Frameworks */,
				EFA88692209D15280009B5F9 /* Resources */,
			);
			buildRules = (
			);
			dependencies = (
			);
			name = BullsEyeExercise;
			productName = BullsEyeExercise;
			productReference = EFA88694209D15280009B5F9 /* BullsEyeExercise.app */;
			productType = "com.apple.product-type.application";
		};
/* End PBXNativeTarget section */

/* Begin PBXProject section */
		EFA8868C209D15280009B5F9 /* Project object */ = {
			isa = PBXProject;
			attributes = {
				LastSwiftUpdateCheck = 0920;
				LastUpgradeCheck = 0920;
				ORGANIZATIONNAME = lisahsteele;
				TargetAttributes = {
					EFA88693209D15280009B5F9 = {
						CreatedOnToolsVersion = 9.2;
						ProvisioningStyle = Automatic;
					};
				};
			};
			buildConfigurationList = EFA8868F209D15280009B5F9 /* Build configuration list for PBXProject "BullsEyeExercise" */;
			compatibilityVersion = "Xcode 8.0";
			developmentRegion = en;
			hasScannedForEncodings = 0;
			knownRegions = (
				en,
				Base,
			);
			mainGroup = EFA8868B209D15280009B5F9;
			productRefGroup = EFA88695209D15280009B5F9 /* Products */;
			projectDirPath = "";
			projectRoot = "";
			targets = (
				EFA88693209D15280009B5F9 /* BullsEyeExercise */,
			);
		};
/* End PBXProject section */

/* Begin PBXResourcesBuildPhase section */
		EFA88692209D15280009B5F9 /* Resources */ = {
			isa = PBXResourcesBuildPhase;
			buildActionMask = 2147483647;
			files = (
				EFA886A2209D15280009B5F9 /* LaunchScreen.storyboard in Resources */,
				EF7BA35920ABEE9D00835550 /* BullsEye.html in Resources */,
				EFA8869F209D15280009B5F9 /* Assets.xcassets in Resources */,
				EFA8869D209D15280009B5F9 /* Main.storyboard in Resources */,
			);
			runOnlyForDeploymentPostprocessing = 0;
		};
/* End PBXResourcesBuildPhase section */

/* Begin PBXSourcesBuildPhase section */
		EFA88690209D15280009B5F9 /* Sources */ = {
			isa = PBXSourcesBuildPhase;
			buildActionMask = 2147483647;
			files = (
				EF7BA35720ABDE9700835550 /* AboutViewController.swift in Sources */,
				EFA8869A209D15280009B5F9 /* ViewController.swift in Sources */,
				EFA88698209D15280009B5F9 /* AppDelegate.swift in Sources */,
			);
			runOnlyForDeploymentPostprocessing = 0;
		};
/* End PBXSourcesBuildPhase section */

/* Begin PBXVariantGroup section */
		EFA8869B209D15280009B5F9 /* Main.storyboard */ = {
			isa = PBXVariantGroup;
			children = (
				EFA8869C209D15280009B5F9 /* Base */,
			);
			name = Main.storyboard;
			sourceTree = "<group>";
		};
		EFA886A0209D15280009B5F9 /* LaunchScreen.storyboard */ = {
			isa = PBXVariantGroup;
			children = (
				EFA886A1209D15280009B5F9 /* Base */,
			);
			name = LaunchScreen.storyboard;
			sourceTree = "<group>";
		};
/* End PBXVariantGroup section */

/* Begin XCBuildConfiguration section */
		EFA886A4209D15280009B5F9 /* Debug */ = {
			isa = XCBuildConfiguration;
			buildSettings = {
				ALWAYS_SEARCH_USER_PATHS = NO;
				CLANG_ANALYZER_NONNULL = YES;
				CLANG_ANALYZER_NUMBER_OBJECT_CONVERSION = YES_AGGRESSIVE;
				CLANG_CXX_LANGUAGE_STANDARD = "gnu++14";
				CLANG_CXX_LIBRARY = "libc++";
				CLANG_ENABLE_MODULES = YES;
				CLANG_ENABLE_OBJC_ARC = YES;
				CLANG_WARN_BLOCK_CAPTURE_AUTORELEASING = YES;
				CLANG_WARN_BOOL_CONVERSION = YES;
				CLANG_WARN_COMMA = YES;
				CLANG_WARN_CONSTANT_CONVERSION = YES;
				CLANG_WARN_DIRECT_OBJC_ISA_USAGE = YES_ERROR;
				CLANG_WARN_DOCUMENTATION_COMMENTS = YES;
				CLANG_WARN_EMPTY_BODY = YES;
				CLANG_WARN_ENUM_CONVERSION = YES;
				CLANG_WARN_INFINITE_RECURSION = YES;
				CLANG_WARN_INT_CONVERSION = YES;
				CLANG_WARN_NON_LITERAL_NULL_CONVERSION = YES;
				CLANG_WARN_OBJC_LITERAL_CONVERSION = YES;
				CLANG_WARN_OBJC_ROOT_CLASS = YES_ERROR;
				CLANG_WARN_RANGE_LOOP_ANALYSIS = YES;
				CLANG_WARN_STRICT_PROTOTYPES = YES;
				CLANG_WARN_SUSPICIOUS_MOVE = YES;
				CLANG_WARN_UNGUARDED_AVAILABILITY = YES_AGGRESSIVE;
				CLANG_WARN_UNREACHABLE_CODE = YES;
				CLANG_WARN__DUPLICATE_METHOD_MATCH = YES;
				CODE_SIGN_IDENTITY = "iPhone Developer";
				COPY_PHASE_STRIP = NO;
				DEBUG_INFORMATION_FORMAT = dwarf;
				ENABLE_STRICT_OBJC_MSGSEND = YES;
				ENABLE_TESTABILITY = YES;
				GCC_C_LANGUAGE_STANDARD = gnu11;
				GCC_DYNAMIC_NO_PIC = NO;
				GCC_NO_COMMON_BLOCKS = YES;
				GCC_OPTIMIZATION_LEVEL = 0;
				GCC_PREPROCESSOR_DEFINITIONS = (
					"DEBUG=1",
					"$(inherited)",
				);
				GCC_WARN_64_TO_32_BIT_CONVERSION = YES;
				GCC_WARN_ABOUT_RETURN_TYPE = YES_ERROR;
				GCC_WARN_UNDECLARED_SELECTOR = YES;
				GCC_WARN_UNINITIALIZED_AUTOS = YES_AGGRESSIVE;
				GCC_WARN_UNUSED_FUNCTION = YES;
				GCC_WARN_UNUSED_VARIABLE = YES;
				IPHONEOS_DEPLOYMENT_TARGET = 11.2;
				MTL_ENABLE_DEBUG_INFO = YES;
				ONLY_ACTIVE_ARCH = YES;
				SDKROOT = iphoneos;
				SWIFT_ACTIVE_COMPILATION_CONDITIONS = DEBUG;
				SWIFT_OPTIMIZATION_LEVEL = "-Onone";
			};
			name = Debug;
		};
		EFA886A5209D15280009B5F9 /* Release */ = {
			isa = XCBuildConfiguration;
			buildSettings = {
				ALWAYS_SEARCH_USER_PATHS = NO;
				CLANG_ANALYZER_NONNULL = YES;
				CLANG_ANALYZER_NUMBER_OBJECT_CONVERSION = YES_AGGRESSIVE;
				CLANG_CXX_LANGUAGE_STANDARD = "gnu++14";
				CLANG_CXX_LIBRARY = "libc++";
				CLANG_ENABLE_MODULES = YES;
				CLANG_ENABLE_OBJC_ARC = YES;
				CLANG_WARN_BLOCK_CAPTURE_AUTORELEASING = YES;
				CLANG_WARN_BOOL_CONVERSION = YES;
				CLANG_WARN_COMMA = YES;
				CLANG_WARN_CONSTANT_CONVERSION = YES;
				CLANG_WARN_DIRECT_OBJC_ISA_USAGE = YES_ERROR;
				CLANG_WARN_DOCUMENTATION_COMMENTS = YES;
				CLANG_WARN_EMPTY_BODY = YES;
				CLANG_WARN_ENUM_CONVERSION = YES;
				CLANG_WARN_INFINITE_RECURSION = YES;
				CLANG_WARN_INT_CONVERSION = YES;
				CLANG_WARN_NON_LITERAL_NULL_CONVERSION = YES;
				CLANG_WARN_OBJC_LITERAL_CONVERSION = YES;
				CLANG_WARN_OBJC_ROOT_CLASS = YES_ERROR;
				CLANG_WARN_RANGE_LOOP_ANALYSIS = YES;
				CLANG_WARN_STRICT_PROTOTYPES = YES;
				CLANG_WARN_SUSPICIOUS_MOVE = YES;
				CLANG_WARN_UNGUARDED_AVAILABILITY = YES_AGGRESSIVE;
				CLANG_WARN_UNREACHABLE_CODE = YES;
				CLANG_WARN__DUPLICATE_METHOD_MATCH = YES;
				CODE_SIGN_IDENTITY = "iPhone Developer";
				COPY_PHASE_STRIP = NO;
				DEBUG_INFORMATION_FORMAT = "dwarf-with-dsym";
				ENABLE_NS_ASSERTIONS = NO;
				ENABLE_STRICT_OBJC_MSGSEND = YES;
				GCC_C_LANGUAGE_STANDARD = gnu11;
				GCC_NO_COMMON_BLOCKS = YES;
				GCC_WARN_64_TO_32_BIT_CONVERSION = YES;
				GCC_WARN_ABOUT_RETURN_TYPE = YES_ERROR;
				GCC_WARN_UNDECLARED_SELECTOR = YES;
				GCC_WARN_UNINITIALIZED_AUTOS = YES_AGGRESSIVE;
				GCC_WARN_UNUSED_FUNCTION = YES;
				GCC_WARN_UNUSED_VARIABLE = YES;
				IPHONEOS_DEPLOYMENT_TARGET = 11.2;
				MTL_ENABLE_DEBUG_INFO = NO;
				SDKROOT = iphoneos;
				SWIFT_OPTIMIZATION_LEVEL = "-Owholemodule";
				VALIDATE_PRODUCT = YES;
			};
			name = Release;
		};
		EFA886A7209D15280009B5F9 /* Debug */ = {
			isa = XCBuildConfiguration;
			buildSettings = {
				ASSETCATALOG_COMPILER_APPICON_NAME = AppIcon;
				CODE_SIGN_STYLE = Automatic;
				DEVELOPMENT_TEAM = 77F66T2364;
				INFOPLIST_FILE = BullsEyeExercise/Info.plist;
				LD_RUNPATH_SEARCH_PATHS = "$(inherited) @executable_path/Frameworks";
				PRODUCT_BUNDLE_IDENTIFIER = com.lisahsteele.BullsEyeExercise;
				PRODUCT_NAME = "$(TARGET_NAME)";
				SWIFT_VERSION = 4.0;
				TARGETED_DEVICE_FAMILY = "1,2";
			};
			name = Debug;
		};
		EFA886A8209D15280009B5F9 /* Release */ = {
			isa = XCBuildConfiguration;
			buildSettings = {
				ASSETCATALOG_COMPILER_APPICON_NAME = AppIcon;
				CODE_SIGN_STYLE = Automatic;
				DEVELOPMENT_TEAM = 77F66T2364;
				INFOPLIST_FILE = BullsEyeExercise/Info.plist;
				LD_RUNPATH_SEARCH_PATHS = "$(inherited) @executable_path/Frameworks";
				PRODUCT_BUNDLE_IDENTIFIER = com.lisahsteele.BullsEyeExercise;
				PRODUCT_NAME = "$(TARGET_NAME)";
				SWIFT_VERSION = 4.0;
				TARGETED_DEVICE_FAMILY = "1,2";
			};
			name = Release;
		};
/* End XCBuildConfiguration section */

/* Begin XCConfigurationList section */
		EFA8868F209D15280009B5F9 /* Build configuration list for PBXProject "BullsEyeExercise" */ = {
			isa = XCConfigurationList;
			buildConfigurations = (
				EFA886A4209D15280009B5F9 /* Debug */,
				EFA886A5209D15280009B5F9 /* Release */,
			);
			defaultConfigurationIsVisible = 0;
			defaultConfigurationName = Release;
		};
		EFA886A6209D15280009B5F9 /* Build configuration list for PBXNativeTarget "BullsEyeExercise" */ = {
			isa = XCConfigurationList;
			buildConfigurations = (
				EFA886A7209D15280009B5F9 /* Debug */,
				EFA886A8209D15280009B5F9 /* Release */,
			);
			defaultConfigurationIsVisible = 0;
			defaultConfigurationName = Release;
		};
/* End XCConfigurationList section */
	};
	rootObject = EFA8868C209D15280009B5F9 /* Project object */;
}
